
Microsoft Visual Studio Solution File, Format Version 12.00
# Visual Studio Version 17
VisualStudioVersion = 17.0.32014.148
MinimumVisualStudioVersion = 10.0.40219.1
Project("{FAE04EC0-301F-11D3-BF4B-00C04F79EFBC}") = "BlackJack(cons)", "21.02.22(trainning_prog)\BlackJack(cons).csproj", "{CA7FF363-EF26-448B-AAF9-BB10494FE1D3}"
EndProject
Global
	GlobalSection(SolutionConfigurationPlatforms) = preSolution
		Debug|Any CPU = Debug|Any CPU
		Release|Any CPU = Release|Any CPU
	EndGlobalSection
	GlobalSection(ProjectConfigurationPlatforms) = postSolution
		{CA7FF363-EF26-448B-AAF9-BB10494FE1D3}.Debug|Any CPU.ActiveCfg = Debug|Any CPU
		{CA7FF363-EF26-448B-AAF9-BB10494FE1D3}.Debug|Any CPU.Build.0 = Debug|Any CPU
		{CA7FF363-EF26-448B-AAF9-BB10494FE1D3}.Release|Any CPU.ActiveCfg = Release|Any CPU
		{CA7FF363-EF26-448B-AAF9-BB10494FE1D3}.Release|Any CPU.Build.0 = Release|Any CPU
	EndGlobalSection
	GlobalSection(SolutionProperties) = preSolution
		HideSolutionNode = FALSE
	EndGlobalSection
	GlobalSection(ExtensibilityGlobals) = postSolution
		SolutionGuid = {8F6C6982-1BC9-4F7B-85AA-26E87F0BA74B}
	EndGlobalSection
EndGlobal
